{
  "name": "integration-example-circleci-nodejs",
  "version": "0.1.0",
  "lockfileVersion": 2,
  "requires": true,
  "packages": {
    "": {
      "name": "integration-example-circleci-nodejs",
      "version": "0.1.0",
      "dependencies": {
        "dotenv-vault-core": "^0.3.0"
      }
    },
    "node_modules/dotenv": {
      "version": "16.0.3",
      "resolved": "https://registry.npmjs.org/dotenv/-/dotenv-16.0.3.tgz",
      "integrity": "sha512-7GO6HghkA5fYG9TYnNxi14/7K9f5occMlp3zXAuSxn7CKCxt9xbNWG7yF8hTCSUchlfWSe3uLmlPfigevRItzQ==",
      "engines": {
        "node": ">=12"
      }
    },
    "node_modules/dotenv-vault-core": {
      "version": "0.3.0",
      "resolved": "https://registry.npmjs.org/dotenv-vault-core/-/dotenv-vault-core-0.3.0.tgz",
      "integrity": "sha512-2ddDqEIY+wDb9iwBEF49s5tBeFGDFd1LxU6iVaJV3pf/yQg2ff3L3Dk0QB64kNE0C3h4scoaMVR5lNmHUNoWgg==",
      "dependencies": {
        "dotenv": "^16.0.3"
      },
      "engines": {
        "node": ">=12"
      }
    }
  },
  "dependencies": {
    "dotenv": {
      "version": "16.0.3",
      "resolved": "https://registry.npmjs.org/dotenv/-/dotenv-16.0.3.tgz",
      "integrity": "sha512-7GO6HghkA5fYG9TYnNxi14/7K9f5occMlp3zXAuSxn7CKCxt9xbNWG7yF8hTCSUchlfWSe3uLmlPfigevRItzQ=="
    },
    "dotenv-vault-core": {
      "version": "0.3.0",
      "resolved": "https://registry.npmjs.org/dotenv-vault-core/-/dotenv-vault-core-0.3.0.tgz",
      "integrity": "sha512-2ddDqEIY+wDb9iwBEF49s5tBeFGDFd1LxU6iVaJV3pf/yQg2ff3L3Dk0QB64kNE0C3h4scoaMVR5lNmHUNoWgg==",
      "requires": {
        "dotenv": "^16.0.3"
      }
    }
  }
}
